
Microsoft Visual Studio Solution File, Format Version 12.00
# Visual Studio Version 17
VisualStudioVersion = 17.3.32811.315
MinimumVisualStudioVersion = 10.0.40219.1
Project("{FAE04EC0-301F-11D3-BF4B-00C04F79EFBC}") = "HiringOperation", "HiringOperation\HiringOperation.csproj", "{4E631F3D-4D14-44AA-AC0D-2AFAE4D86124}"
EndProject
Global
	GlobalSection(SolutionConfigurationPlatforms) = preSolution
		Debug|Any CPU = Debug|Any CPU
		Release|Any CPU = Release|Any CPU
	EndGlobalSection
	GlobalSection(ProjectConfigurationPlatforms) = postSolution
		{4E631F3D-4D14-44AA-AC0D-2AFAE4D86124}.Debug|Any CPU.ActiveCfg = Debug|Any CPU
		{4E631F3D-4D14-44AA-AC0D-2AFAE4D86124}.Debug|Any CPU.Build.0 = Debug|Any CPU
		{4E631F3D-4D14-44AA-AC0D-2AFAE4D86124}.Release|Any CPU.ActiveCfg = Release|Any CPU
		{4E631F3D-4D14-44AA-AC0D-2AFAE4D86124}.Release|Any CPU.Build.0 = Release|Any CPU
	EndGlobalSection
	GlobalSection(SolutionProperties) = preSolution
		HideSolutionNode = FALSE
	EndGlobalSection
	GlobalSection(ExtensibilityGlobals) = postSolution
		SolutionGuid = {5A75C4E1-3EFF-450C-85E6-2CD81677145A}
	EndGlobalSection
EndGlobal
